
Microsoft Visual Studio Solution File, Format Version 12.00
# Visual Studio 15
VisualStudioVersion = 15.0.28010.2016
MinimumVisualStudioVersion = 10.0.40219.1
Project("{FAE04EC0-301F-11D3-BF4B-00C04F79EFBC}") = "ex38_Events", "ex38_Events\ex38_Events.csproj", "{49FA7B11-7A97-45C7-80B0-7CAFBE6E6518}"
EndProject
Global
	GlobalSection(SolutionConfigurationPlatforms) = preSolution
		Debug|Any CPU = Debug|Any CPU
		Release|Any CPU = Release|Any CPU
	EndGlobalSection
	GlobalSection(ProjectConfigurationPlatforms) = postSolution
		{49FA7B11-7A97-45C7-80B0-7CAFBE6E6518}.Debug|Any CPU.ActiveCfg = Debug|Any CPU
		{49FA7B11-7A97-45C7-80B0-7CAFBE6E6518}.Debug|Any CPU.Build.0 = Debug|Any CPU
		{49FA7B11-7A97-45C7-80B0-7CAFBE6E6518}.Release|Any CPU.ActiveCfg = Release|Any CPU
		{49FA7B11-7A97-45C7-80B0-7CAFBE6E6518}.Release|Any CPU.Build.0 = Release|Any CPU
	EndGlobalSection
	GlobalSection(SolutionProperties) = preSolution
		HideSolutionNode = FALSE
	EndGlobalSection
	GlobalSection(ExtensibilityGlobals) = postSolution
		SolutionGuid = {6370F94F-EC82-45D9-9C12-D281DE64DCB3}
	EndGlobalSection
EndGlobal
